
Microsoft Visual Studio Solution File, Format Version 11.00
# Visual Studio 2010
Project("{FAE04EC0-301F-11D3-BF4B-00C04F79EFBC}") = "NSynth", "NSynth\NSynth.csproj", "{7A03472E-02AF-4A19-9251-6E0F1C385E0A}"
EndProject
Project("{FAE04EC0-301F-11D3-BF4B-00C04F79EFBC}") = "NSynthGraphStudio", "NSynthGraphStudio\NSynthGraphStudio.csproj", "{31C37D71-E811-4CFD-8DD7-F303C4174FB9}"
EndProject
Global
	GlobalSection(SolutionConfigurationPlatforms) = preSolution
		Debug|Any CPU = Debug|Any CPU
		Debug|Mixed Platforms = Debug|Mixed Platforms
		Debug|x86 = Debug|x86
		Release|Any CPU = Release|Any CPU
		Release|Mixed Platforms = Release|Mixed Platforms
		Release|x86 = Release|x86
	EndGlobalSection
	GlobalSection(ProjectConfigurationPlatforms) = postSolution
		{7A03472E-02AF-4A19-9251-6E0F1C385E0A}.Debug|Any CPU.ActiveCfg = Debug|Any CPU
		{7A03472E-02AF-4A19-9251-6E0F1C385E0A}.Debug|Any CPU.Build.0 = Debug|Any CPU
		{7A03472E-02AF-4A19-9251-6E0F1C385E0A}.Debug|Mixed Platforms.ActiveCfg = Debug|Any CPU
		{7A03472E-02AF-4A19-9251-6E0F1C385E0A}.Debug|Mixed Platforms.Build.0 = Debug|Any CPU
		{7A03472E-02AF-4A19-9251-6E0F1C385E0A}.Debug|x86.ActiveCfg = Debug|Any CPU
		{7A03472E-02AF-4A19-9251-6E0F1C385E0A}.Release|Any CPU.ActiveCfg = Release|Any CPU
		{7A03472E-02AF-4A19-9251-6E0F1C385E0A}.Release|Any CPU.Build.0 = Release|Any CPU
		{7A03472E-02AF-4A19-9251-6E0F1C385E0A}.Release|Mixed Platforms.ActiveCfg = Release|Any CPU
		{7A03472E-02AF-4A19-9251-6E0F1C385E0A}.Release|Mixed Platforms.Build.0 = Release|Any CPU
		{7A03472E-02AF-4A19-9251-6E0F1C385E0A}.Release|x86.ActiveCfg = Release|Any CPU
		{31C37D71-E811-4CFD-8DD7-F303C4174FB9}.Debug|Any CPU.ActiveCfg = Debug|x86
		{31C37D71-E811-4CFD-8DD7-F303C4174FB9}.Debug|Mixed Platforms.ActiveCfg = Debug|x86
		{31C37D71-E811-4CFD-8DD7-F303C4174FB9}.Debug|Mixed Platforms.Build.0 = Debug|x86
		{31C37D71-E811-4CFD-8DD7-F303C4174FB9}.Debug|x86.ActiveCfg = Debug|x86
		{31C37D71-E811-4CFD-8DD7-F303C4174FB9}.Debug|x86.Build.0 = Debug|x86
		{31C37D71-E811-4CFD-8DD7-F303C4174FB9}.Release|Any CPU.ActiveCfg = Release|x86
		{31C37D71-E811-4CFD-8DD7-F303C4174FB9}.Release|Mixed Platforms.ActiveCfg = Release|x86
		{31C37D71-E811-4CFD-8DD7-F303C4174FB9}.Release|Mixed Platforms.Build.0 = Release|x86
		{31C37D71-E811-4CFD-8DD7-F303C4174FB9}.Release|x86.ActiveCfg = Release|x86
		{31C37D71-E811-4CFD-8DD7-F303C4174FB9}.Release|x86.Build.0 = Release|x86
	EndGlobalSection
	GlobalSection(SolutionProperties) = preSolution
		HideSolutionNode = FALSE
	EndGlobalSection
EndGlobal
